
Microsoft Visual Studio Solution File, Format Version 12.00
# Visual Studio Version 17
VisualStudioVersion = 17.5.33414.496
MinimumVisualStudioVersion = 10.0.40219.1
Project("{FAE04EC0-301F-11D3-BF4B-00C04F79EFBC}") = "lab3", "lab3\lab3.csproj", "{76E3AD18-F2D9-4A1D-9DCF-66F5CA8E6588}"
EndProject
Project("{2150E333-8FDC-42A3-9474-1A3956D46DE8}") = "Solution Items", "Solution Items", "{9592E06D-87F1-4D77-8F14-120295EADFEB}"
	ProjectSection(SolutionItems) = preProject
		.editorconfig = .editorconfig
	EndProjectSection
EndProject
Global
	GlobalSection(SolutionConfigurationPlatforms) = preSolution
		Debug|Any CPU = Debug|Any CPU
		Release|Any CPU = Release|Any CPU
	EndGlobalSection
	GlobalSection(ProjectConfigurationPlatforms) = postSolution
		{76E3AD18-F2D9-4A1D-9DCF-66F5CA8E6588}.Debug|Any CPU.ActiveCfg = Debug|Any CPU
		{76E3AD18-F2D9-4A1D-9DCF-66F5CA8E6588}.Debug|Any CPU.Build.0 = Debug|Any CPU
		{76E3AD18-F2D9-4A1D-9DCF-66F5CA8E6588}.Release|Any CPU.ActiveCfg = Release|Any CPU
		{76E3AD18-F2D9-4A1D-9DCF-66F5CA8E6588}.Release|Any CPU.Build.0 = Release|Any CPU
	EndGlobalSection
	GlobalSection(SolutionProperties) = preSolution
		HideSolutionNode = FALSE
	EndGlobalSection
	GlobalSection(ExtensibilityGlobals) = postSolution
		SolutionGuid = {22BF20ED-6744-4870-BA85-8D647E67905F}
	EndGlobalSection
EndGlobal
